
Microsoft Visual Studio Solution File, Format Version 12.00
# Visual Studio Version 17
VisualStudioVersion = 17.4.33205.214
MinimumVisualStudioVersion = 10.0.40219.1
Project("{FAE04EC0-301F-11D3-BF4B-00C04F79EFBC}") = "BlackHat", "BlackHat\BlackHat.csproj", "{EBA51840-EFBB-48B1-A9AB-943D74530D05}"
EndProject
Global
	GlobalSection(SolutionConfigurationPlatforms) = preSolution
		Debug|Any CPU = Debug|Any CPU
		Release|Any CPU = Release|Any CPU
	EndGlobalSection
	GlobalSection(ProjectConfigurationPlatforms) = postSolution
		{EBA51840-EFBB-48B1-A9AB-943D74530D05}.Debug|Any CPU.ActiveCfg = Debug|Any CPU
		{EBA51840-EFBB-48B1-A9AB-943D74530D05}.Debug|Any CPU.Build.0 = Debug|Any CPU
		{EBA51840-EFBB-48B1-A9AB-943D74530D05}.Release|Any CPU.ActiveCfg = Release|Any CPU
		{EBA51840-EFBB-48B1-A9AB-943D74530D05}.Release|Any CPU.Build.0 = Release|Any CPU
	EndGlobalSection
	GlobalSection(SolutionProperties) = preSolution
		HideSolutionNode = FALSE
	EndGlobalSection
	GlobalSection(ExtensibilityGlobals) = postSolution
		SolutionGuid = {A716526A-A2B6-41E3-9667-A87CFEB3F070}
	EndGlobalSection
EndGlobal
